
Microsoft Visual Studio Solution File, Format Version 12.00
# Visual Studio Version 17
VisualStudioVersion = 17.3.32922.545
MinimumVisualStudioVersion = 10.0.40219.1
Project("{FAE04EC0-301F-11D3-BF4B-00C04F79EFBC}") = "TicTacToe", "TicTacToe\TicTacToe.csproj", "{758EDC66-B002-41FD-ADF0-D3FB487A1F44}"
EndProject
Global
	GlobalSection(SolutionConfigurationPlatforms) = preSolution
		Debug|Any CPU = Debug|Any CPU
		Release|Any CPU = Release|Any CPU
	EndGlobalSection
	GlobalSection(ProjectConfigurationPlatforms) = postSolution
		{758EDC66-B002-41FD-ADF0-D3FB487A1F44}.Debug|Any CPU.ActiveCfg = Debug|Any CPU
		{758EDC66-B002-41FD-ADF0-D3FB487A1F44}.Debug|Any CPU.Build.0 = Debug|Any CPU
		{758EDC66-B002-41FD-ADF0-D3FB487A1F44}.Release|Any CPU.ActiveCfg = Release|Any CPU
		{758EDC66-B002-41FD-ADF0-D3FB487A1F44}.Release|Any CPU.Build.0 = Release|Any CPU
	EndGlobalSection
	GlobalSection(SolutionProperties) = preSolution
		HideSolutionNode = FALSE
	EndGlobalSection
	GlobalSection(ExtensibilityGlobals) = postSolution
		SolutionGuid = {679643CD-47B7-4AF1-B74E-08C9E326CF4D}
	EndGlobalSection
EndGlobal
